Microsoft Visual Studio Solution File, Format Version 11.00
# Visual Studio 2008

Project("{1D4783DD-5C44-D95A-33E3-C30BB86540EF}") = "TD1_ElOuariachi-Gigant", "Assembly-CSharp.csproj", "{8D6EB132-2510-CBA4-C726-398DC83B1EF7}"
EndProject
Global
	GlobalSection(SolutionConfigurationPlatforms) = preSolution
		Debug|Any CPU = Debug|Any CPU
		Release|Any CPU = Release|Any CPU
	EndGlobalSection
	GlobalSection(ProjectConfigurationPlatforms) = postSolution
		{8D6EB132-2510-CBA4-C726-398DC83B1EF7}.Debug|Any CPU.ActiveCfg = Debug|Any CPU
		{8D6EB132-2510-CBA4-C726-398DC83B1EF7}.Debug|Any CPU.Build.0 = Debug|Any CPU
		{8D6EB132-2510-CBA4-C726-398DC83B1EF7}.Release|Any CPU.ActiveCfg = Release|Any CPU
		{8D6EB132-2510-CBA4-C726-398DC83B1EF7}.Release|Any CPU.Build.0 = Release|Any CPU
	EndGlobalSection
	GlobalSection(SolutionProperties) = preSolution
		HideSolutionNode = FALSE
	EndGlobalSection
	GlobalSection(MonoDevelopProperties) = preSolution
		StartupItem = Assembly-CSharp.csproj
	EndGlobalSection
EndGlobal
